
Microsoft Visual Studio Solution File, Format Version 12.00
# Visual Studio Version 16
VisualStudioVersion = 16.0.31624.102
MinimumVisualStudioVersion = 10.0.40219.1
Project("{8BC9CEB8-8B4A-11D0-8D11-00A0C91BC942}") = "1", "..\1\1.vcxproj", "{60481387-D705-4D1C-AACE-B015F91A1FAC}"
EndProject
Project("{8BC9CEB8-8B4A-11D0-8D11-00A0C91BC942}") = "1.1", "..\1.1\1.1.vcxproj", "{0FD8A4F9-CA95-45D9-9B6B-D96E46270DD2}"
EndProject
Project("{8BC9CEB8-8B4A-11D0-8D11-00A0C91BC942}") = "6", "..\6\6.vcxproj", "{994C3B6E-2466-451D-B06E-558D37A74AA3}"
EndProject
Project("{8BC9CEB8-8B4A-11D0-8D11-00A0C91BC942}") = "7", "..\7\7.vcxproj", "{8BE7CF4B-CF41-4DF5-A894-C66E05CB11FC}"
EndProject
Project("{8BC9CEB8-8B4A-11D0-8D11-00A0C91BC942}") = "5", "..\5\5.vcxproj", "{6CDF3996-E462-4388-8B41-0DCACF1E1B94}"
EndProject
Project("{8BC9CEB8-8B4A-11D0-8D11-00A0C91BC942}") = "test", "..\test\test.vcxproj", "{189F102D-7F29-4EDF-AB3D-A0BAF2B2ED48}"
EndProject
Project("{8BC9CEB8-8B4A-11D0-8D11-00A0C91BC942}") = "2", "..\2\2.vcxproj", "{496EC3F1-0BF2-4A37-91B2-1BE830783C0C}"
EndProject
Project("{8BC9CEB8-8B4A-11D0-8D11-00A0C91BC942}") = "10", "..\10\10.vcxproj", "{13D1B8B7-E46C-4093-967F-F5CE5738B701}"
EndProject
Project("{8BC9CEB8-8B4A-11D0-8D11-00A0C91BC942}") = "3", "..\3\3.vcxproj", "{85AA76F5-5FF8-4D68-93B3-F8151DFBA330}"
EndProject
Project("{8BC9CEB8-8B4A-11D0-8D11-00A0C91BC942}") = "9", "..\9\9.vcxproj", "{5E58FF1C-9176-4247-9147-F9F9D87BA5BE}"
EndProject
Project("{8BC9CEB8-8B4A-11D0-8D11-00A0C91BC942}") = "8", "..\8\8.vcxproj", "{CF783F94-1C28-4158-A8D8-64017D91F9D0}"
EndProject
Project("{8BC9CEB8-8B4A-11D0-8D11-00A0C91BC942}") = "4", "..\4\4.vcxproj", "{D80AD1C1-1C38-4824-A4DE-652B1131090D}"
EndProject
Global
	GlobalSection(SolutionConfigurationPlatforms) = preSolution
		Debug|x64 = Debug|x64
		Debug|x86 = Debug|x86
		Release|x64 = Release|x64
		Release|x86 = Release|x86
	EndGlobalSection
	GlobalSection(ProjectConfigurationPlatforms) = postSolution
		{60481387-D705-4D1C-AACE-B015F91A1FAC}.Debug|x64.ActiveCfg = Debug|x64
		{60481387-D705-4D1C-AACE-B015F91A1FAC}.Debug|x64.Build.0 = Debug|x64
		{60481387-D705-4D1C-AACE-B015F91A1FAC}.Debug|x86.ActiveCfg = Debug|Win32
		{60481387-D705-4D1C-AACE-B015F91A1FAC}.Debug|x86.Build.0 = Debug|Win32
		{60481387-D705-4D1C-AACE-B015F91A1FAC}.Release|x64.ActiveCfg = Release|x64
		{60481387-D705-4D1C-AACE-B015F91A1FAC}.Release|x64.Build.0 = Release|x64
		{60481387-D705-4D1C-AACE-B015F91A1FAC}.Release|x86.ActiveCfg = Release|Win32
		{60481387-D705-4D1C-AACE-B015F91A1FAC}.Release|x86.Build.0 = Release|Win32
		{0FD8A4F9-CA95-45D9-9B6B-D96E46270DD2}.Debug|x64.ActiveCfg = Debug|x64
		{0FD8A4F9-CA95-45D9-9B6B-D96E46270DD2}.Debug|x64.Build.0 = Debug|x64
		{0FD8A4F9-CA95-45D9-9B6B-D96E46270DD2}.Debug|x86.ActiveCfg = Debug|Win32
		{0FD8A4F9-CA95-45D9-9B6B-D96E46270DD2}.Debug|x86.Build.0 = Debug|Win32
		{0FD8A4F9-CA95-45D9-9B6B-D96E46270DD2}.Release|x64.ActiveCfg = Release|x64
		{0FD8A4F9-CA95-45D9-9B6B-D96E46270DD2}.Release|x64.Build.0 = Release|x64
		{0FD8A4F9-CA95-45D9-9B6B-D96E46270DD2}.Release|x86.ActiveCfg = Release|Win32
		{0FD8A4F9-CA95-45D9-9B6B-D96E46270DD2}.Release|x86.Build.0 = Release|Win32
		{994C3B6E-2466-451D-B06E-558D37A74AA3}.Debug|x64.ActiveCfg = Debug|x64
		{994C3B6E-2466-451D-B06E-558D37A74AA3}.Debug|x64.Build.0 = Debug|x64
		{994C3B6E-2466-451D-B06E-558D37A74AA3}.Debug|x86.ActiveCfg = Debug|Win32
		{994C3B6E-2466-451D-B06E-558D37A74AA3}.Debug|x86.Build.0 = Debug|Win32
		{994C3B6E-2466-451D-B06E-558D37A74AA3}.Release|x64.ActiveCfg = Release|x64
		{994C3B6E-2466-451D-B06E-558D37A74AA3}.Release|x64.Build.0 = Release|x64
		{994C3B6E-2466-451D-B06E-558D37A74AA3}.Release|x86.ActiveCfg = Release|Win32
		{994C3B6E-2466-451D-B06E-558D37A74AA3}.Release|x86.Build.0 = Release|Win32
		{8BE7CF4B-CF41-4DF5-A894-C66E05CB11FC}.Debug|x64.ActiveCfg = Debug|x64
		{8BE7CF4B-CF41-4DF5-A894-C66E05CB11FC}.Debug|x64.Build.0 = Debug|x64
		{8BE7CF4B-CF41-4DF5-A894-C66E05CB11FC}.Debug|x86.ActiveCfg = Debug|Win32
		{8BE7CF4B-CF41-4DF5-A894-C66E05CB11FC}.Debug|x86.Build.0 = Debug|Win32
		{8BE7CF4B-CF41-4DF5-A894-C66E05CB11FC}.Release|x64.ActiveCfg = Release|x64
		{8BE7CF4B-CF41-4DF5-A894-C66E05CB11FC}.Release|x64.Build.0 = Release|x64
		{8BE7CF4B-CF41-4DF5-A894-C66E05CB11FC}.Release|x86.ActiveCfg = Release|Win32
		{8BE7CF4B-CF41-4DF5-A894-C66E05CB11FC}.Release|x86.Build.0 = Release|Win32
		{6CDF3996-E462-4388-8B41-0DCACF1E1B94}.Debug|x64.ActiveCfg = Debug|x64
		{6CDF3996-E462-4388-8B41-0DCACF1E1B94}.Debug|x64.Build.0 = Debug|x64
		{6CDF3996-E462-4388-8B41-0DCACF1E1B94}.Debug|x86.ActiveCfg = Debug|Win32
		{6CDF3996-E462-4388-8B41-0DCACF1E1B94}.Debug|x86.Build.0 = Debug|Win32
		{6CDF3996-E462-4388-8B41-0DCACF1E1B94}.Release|x64.ActiveCfg = Release|x64
		{6CDF3996-E462-4388-8B41-0DCACF1E1B94}.Release|x64.Build.0 = Release|x64
		{6CDF3996-E462-4388-8B41-0DCACF1E1B94}.Release|x86.ActiveCfg = Release|Win32
		{6CDF3996-E462-4388-8B41-0DCACF1E1B94}.Release|x86.Build.0 = Release|Win32
		{189F102D-7F29-4EDF-AB3D-A0BAF2B2ED48}.Debug|x64.ActiveCfg = Debug|x64
		{189F102D-7F29-4EDF-AB3D-A0BAF2B2ED48}.Debug|x64.Build.0 = Debug|x64
		{189F102D-7F29-4EDF-AB3D-A0BAF2B2ED48}.Debug|x86.ActiveCfg = Debug|Win32
		{189F102D-7F29-4EDF-AB3D-A0BAF2B2ED48}.Debug|x86.Build.0 = Debug|Win32
		{189F102D-7F29-4EDF-AB3D-A0BAF2B2ED48}.Release|x64.ActiveCfg = Release|x64
		{189F102D-7F29-4EDF-AB3D-A0BAF2B2ED48}.Release|x64.Build.0 = Release|x64
		{189F102D-7F29-4EDF-AB3D-A0BAF2B2ED48}.Release|x86.ActiveCfg = Release|Win32
		{189F102D-7F29-4EDF-AB3D-A0BAF2B2ED48}.Release|x86.Build.0 = Release|Win32
		{496EC3F1-0BF2-4A37-91B2-1BE830783C0C}.Debug|x64.ActiveCfg = Debug|x64
		{496EC3F1-0BF2-4A37-91B2-1BE830783C0C}.Debug|x64.Build.0 = Debug|x64
		{496EC3F1-0BF2-4A37-91B2-1BE830783C0C}.Debug|x86.ActiveCfg = Debug|Win32
		{496EC3F1-0BF2-4A37-91B2-1BE830783C0C}.Debug|x86.Build.0 = Debug|Win32
		{496EC3F1-0BF2-4A37-91B2-1BE830783C0C}.Release|x64.ActiveCfg = Release|x64
		{496EC3F1-0BF2-4A37-91B2-1BE830783C0C}.Release|x64.Build.0 = Release|x64
		{496EC3F1-0BF2-4A37-91B2-1BE830783C0C}.Release|x86.ActiveCfg = Release|Win32
		{496EC3F1-0BF2-4A37-91B2-1BE830783C0C}.Release|x86.Build.0 = Release|Win32
		{13D1B8B7-E46C-4093-967F-F5CE5738B701}.Debug|x64.ActiveCfg = Debug|x64
		{13D1B8B7-E46C-4093-967F-F5CE5738B701}.Debug|x64.Build.0 = Debug|x64
		{13D1B8B7-E46C-4093-967F-F5CE5738B701}.Debug|x86.ActiveCfg = Debug|Win32
		{13D1B8B7-E46C-4093-967F-F5CE5738B701}.Debug|x86.Build.0 = Debug|Win32
		{13D1B8B7-E46C-4093-967F-F5CE5738B701}.Release|x64.ActiveCfg = Release|x64
		{13D1B8B7-E46C-4093-967F-F5CE5738B701}.Release|x64.Build.0 = Release|x64
		{13D1B8B7-E46C-4093-967F-F5CE5738B701}.Release|x86.ActiveCfg = Release|Win32
		{13D1B8B7-E46C-4093-967F-F5CE5738B701}.Release|x86.Build.0 = Release|Win32
		{85AA76F5-5FF8-4D68-93B3-F8151DFBA330}.Debug|x64.ActiveCfg = Debug|x64
		{85AA76F5-5FF8-4D68-93B3-F8151DFBA330}.Debug|x64.Build.0 = Debug|x64
		{85AA76F5-5FF8-4D68-93B3-F8151DFBA330}.Debug|x86.ActiveCfg = Debug|Win32
		{85AA76F5-5FF8-4D68-93B3-F8151DFBA330}.Debug|x86.Build.0 = Debug|Win32
		{85AA76F5-5FF8-4D68-93B3-F8151DFBA330}.Release|x64.ActiveCfg = Release|x64
		{85AA76F5-5FF8-4D68-93B3-F8151DFBA330}.Release|x64.Build.0 = Release|x64
		{85AA76F5-5FF8-4D68-93B3-F8151DFBA330}.Release|x86.ActiveCfg = Release|Win32
		{85AA76F5-5FF8-4D68-93B3-F8151DFBA330}.Release|x86.Build.0 = Release|Win32
		{5E58FF1C-9176-4247-9147-F9F9D87BA5BE}.Debug|x64.ActiveCfg = Debug|x64
		{5E58FF1C-9176-4247-9147-F9F9D87BA5BE}.Debug|x64.Build.0 = Debug|x64
		{5E58FF1C-9176-4247-9147-F9F9D87BA5BE}.Debug|x86.ActiveCfg = Debug|Win32
		{5E58FF1C-9176-4247-9147-F9F9D87BA5BE}.Debug|x86.Build.0 = Debug|Win32
		{5E58FF1C-9176-4247-9147-F9F9D87BA5BE}.Release|x64.ActiveCfg = Release|x64
		{5E58FF1C-9176-4247-9147-F9F9D87BA5BE}.Release|x64.Build.0 = Release|x64
		{5E58FF1C-9176-4247-9147-F9F9D87BA5BE}.Release|x86.ActiveCfg = Release|Win32
		{5E58FF1C-9176-4247-9147-F9F9D87BA5BE}.Release|x86.Build.0 = Release|Win32
		{CF783F94-1C28-4158-A8D8-64017D91F9D0}.Debug|x64.ActiveCfg = Debug|x64
		{CF783F94-1C28-4158-A8D8-64017D91F9D0}.Debug|x64.Build.0 = Debug|x64
		{CF783F94-1C28-4158-A8D8-64017D91F9D0}.Debug|x86.ActiveCfg = Debug|Win32
		{CF783F94-1C28-4158-A8D8-64017D91F9D0}.Debug|x86.Build.0 = Debug|Win32
		{CF783F94-1C28-4158-A8D8-64017D91F9D0}.Release|x64.ActiveCfg = Release|x64
		{CF783F94-1C28-4158-A8D8-64017D91F9D0}.Release|x64.Build.0 = Release|x64
		{CF783F94-1C28-4158-A8D8-64017D91F9D0}.Release|x86.ActiveCfg = Release|Win32
		{CF783F94-1C28-4158-A8D8-64017D91F9D0}.Release|x86.Build.0 = Release|Win32
		{D80AD1C1-1C38-4824-A4DE-652B1131090D}.Debug|x64.ActiveCfg = Debug|x64
		{D80AD1C1-1C38-4824-A4DE-652B1131090D}.Debug|x64.Build.0 = Debug|x64
		{D80AD1C1-1C38-4824-A4DE-652B1131090D}.Debug|x86.ActiveCfg = Debug|Win32
		{D80AD1C1-1C38-4824-A4DE-652B1131090D}.Debug|x86.Build.0 = Debug|Win32
		{D80AD1C1-1C38-4824-A4DE-652B1131090D}.Release|x64.ActiveCfg = Release|x64
		{D80AD1C1-1C38-4824-A4DE-652B1131090D}.Release|x64.Build.0 = Release|x64
		{D80AD1C1-1C38-4824-A4DE-652B1131090D}.Release|x86.ActiveCfg = Release|Win32
		{D80AD1C1-1C38-4824-A4DE-652B1131090D}.Release|x86.Build.0 = Release|Win32
	EndGlobalSection
	GlobalSection(SolutionProperties) = preSolution
		HideSolutionNode = FALSE
	EndGlobalSection
	GlobalSection(ExtensibilityGlobals) = postSolution
		SolutionGuid = {8A09084D-B133-4430-917E-13E6874567EC}
	EndGlobalSection
EndGlobal
