<?xml version="1.0" encoding="utf-8"?>
<Project ToolsVersion="4.0" xmlns="http://schemas.microsoft.com/developer/msbuild/2003">
  <ItemGroup>
    <Filter Include="Исходные файлы">
      <UniqueIdentifier>{4FC737F1-C7A5-4376-A066-2A32D752A2FF}</UniqueIdentifier>
      <Extensions>cpp;c;cc;cxx;c++;cppm;ixx;def;odl;idl;hpj;bat;asm;asmx</Extensions>
    </Filter>
    <Filter Include="Файлы заголовков">
      <UniqueIdentifier>{93995380-89BD-4b04-88EB-625FBE52EBFB}</UniqueIdentifier>
      <Extensions>h;hh;hpp;hxx;h++;hm;inl;inc;ipp;xsd</Extensions>
    </Filter>
    <Filter Include="Файлы ресурсов">
      <UniqueIdentifier>{67DA6AB6-F800-4c08-8B7A-83BB121AAD01}</UniqueIdentifier>
      <Extensions>rc;ico;cur;bmp;dlg;rc2;rct;bin;rgs;gif;jpg;jpeg;jpe;resx;tiff;tif;png;wav;mfcribbon-ms</Extensions>
    </Filter>
    <Filter Include="avtor">
      <UniqueIdentifier>{47cdc178-decb-48e8-bff9-aa8f4e301ce1}</UniqueIdentifier>
    </Filter>
    <Filter Include="func">
      <UniqueIdentifier>{3978f91e-e38d-40b1-b067-e940e11d0110}</UniqueIdentifier>
    </Filter>
    <Filter Include="sort">
      <UniqueIdentifier>{b21aa90a-9d36-482b-a8bb-ce660d9a7523}</UniqueIdentifier>
    </Filter>
    <Filter Include="file">
      <UniqueIdentifier>{c68c27d8-a4c0-4004-9c52-6d66517d04a4}</UniqueIdentifier>
    </Filter>
  </ItemGroup>
  <ItemGroup>
    <ClCompile Include="3.cpp">
      <Filter>Исходные файлы</Filter>
    </ClCompile>
    <ClCompile Include="avtor.cpp">
      <Filter>avtor</Filter>
    </ClCompile>
    <ClCompile Include="func.cpp">
      <Filter>func</Filter>
    </ClCompile>
    <ClCompile Include="sort.cpp">
      <Filter>sort</Filter>
    </ClCompile>
    <ClCompile Include="file.cpp">
      <Filter>file</Filter>
    </ClCompile>
  </ItemGroup>
  <ItemGroup>
    <ClInclude Include="avtor.h">
      <Filter>avtor</Filter>
    </ClInclude>
    <ClInclude Include="func.h">
      <Filter>func</Filter>
    </ClInclude>
    <ClInclude Include="sort.h">
      <Filter>sort</Filter>
    </ClInclude>
    <ClInclude Include="file.h">
      <Filter>file</Filter>
    </ClInclude>
  </ItemGroup>
</Project>