
Microsoft Visual Studio Solution File, Format Version 12.00
# Visual Studio Version 16
VisualStudioVersion = 16.0.31624.102
MinimumVisualStudioVersion = 10.0.40219.1
Project("{8BC9CEB8-8B4A-11D0-8D11-00A0C91BC942}") = "1", "1.vcxproj", "{044838B9-8298-4B5B-9575-0B0C782C32F3}"
EndProject
Project("{8BC9CEB8-8B4A-11D0-8D11-00A0C91BC942}") = "2", "..\2\2.vcxproj", "{40BD4149-8BC7-4772-A153-B724F129C343}"
EndProject
Project("{8BC9CEB8-8B4A-11D0-8D11-00A0C91BC942}") = "3", "..\3\3.vcxproj", "{6DB948ED-2C07-4D65-8EF7-A246811E396D}"
EndProject
Project("{8BC9CEB8-8B4A-11D0-8D11-00A0C91BC942}") = "44", "..\44\44.vcxproj", "{36889FBF-396C-4917-BC73-25C08D20F1F4}"
EndProject
Project("{8BC9CEB8-8B4A-11D0-8D11-00A0C91BC942}") = "5", "..\5\5.vcxproj", "{A9C9006D-4A28-4D1C-931F-45335F56094E}"
EndProject
Project("{8BC9CEB8-8B4A-11D0-8D11-00A0C91BC942}") = "6", "..\6\6.vcxproj", "{C1F9EA84-4E69-4E72-BE49-51B1865CA2A9}"
EndProject
Project("{8BC9CEB8-8B4A-11D0-8D11-00A0C91BC942}") = "7", "..\7\7.vcxproj", "{D0BB31E8-6C18-4458-AD50-E31C0EB1EA7E}"
EndProject
Project("{8BC9CEB8-8B4A-11D0-8D11-00A0C91BC942}") = "88", "..\88\88.vcxproj", "{3504212A-BCC9-44C5-B46F-70B476BB9450}"
EndProject
Project("{8BC9CEB8-8B4A-11D0-8D11-00A0C91BC942}") = "99", "..\99\99.vcxproj", "{530D65A1-BAFA-4C55-B33A-2514A62526CA}"
EndProject
Project("{8BC9CEB8-8B4A-11D0-8D11-00A0C91BC942}") = "11", "..\11\11.vcxproj", "{14713D01-039A-401D-AF40-8446CE79BC1D}"
EndProject
Project("{8BC9CEB8-8B4A-11D0-8D11-00A0C91BC942}") = "12", "..\12\12.vcxproj", "{8B16BFB1-C0B1-4A1C-8112-0146FB812823}"
EndProject
Project("{8BC9CEB8-8B4A-11D0-8D11-00A0C91BC942}") = "13", "..\13\13.vcxproj", "{8C046B96-90A1-4A00-A2ED-63F4A1B62364}"
EndProject
Project("{8BC9CEB8-8B4A-11D0-8D11-00A0C91BC942}") = "14", "..\14\14.vcxproj", "{431FA1D0-CB33-4960-86A8-D6E4B3051EC0}"
EndProject
Project("{8BC9CEB8-8B4A-11D0-8D11-00A0C91BC942}") = "15", "..\15\15.vcxproj", "{52E3E881-89B5-4901-955E-0E8E57C2A64B}"
EndProject
Project("{8BC9CEB8-8B4A-11D0-8D11-00A0C91BC942}") = "10", "..\10\10.vcxproj", "{AC0D615F-23ED-42F1-A9E9-95C446678F1E}"
EndProject
Global
	GlobalSection(SolutionConfigurationPlatforms) = preSolution
		Debug|x64 = Debug|x64
		Debug|x86 = Debug|x86
		Release|x64 = Release|x64
		Release|x86 = Release|x86
	EndGlobalSection
	GlobalSection(ProjectConfigurationPlatforms) = postSolution
		{044838B9-8298-4B5B-9575-0B0C782C32F3}.Debug|x64.ActiveCfg = Debug|x64
		{044838B9-8298-4B5B-9575-0B0C782C32F3}.Debug|x64.Build.0 = Debug|x64
		{044838B9-8298-4B5B-9575-0B0C782C32F3}.Debug|x86.ActiveCfg = Debug|Win32
		{044838B9-8298-4B5B-9575-0B0C782C32F3}.Debug|x86.Build.0 = Debug|Win32
		{044838B9-8298-4B5B-9575-0B0C782C32F3}.Release|x64.ActiveCfg = Release|x64
		{044838B9-8298-4B5B-9575-0B0C782C32F3}.Release|x64.Build.0 = Release|x64
		{044838B9-8298-4B5B-9575-0B0C782C32F3}.Release|x86.ActiveCfg = Release|Win32
		{044838B9-8298-4B5B-9575-0B0C782C32F3}.Release|x86.Build.0 = Release|Win32
		{40BD4149-8BC7-4772-A153-B724F129C343}.Debug|x64.ActiveCfg = Debug|x64
		{40BD4149-8BC7-4772-A153-B724F129C343}.Debug|x64.Build.0 = Debug|x64
		{40BD4149-8BC7-4772-A153-B724F129C343}.Debug|x86.ActiveCfg = Debug|Win32
		{40BD4149-8BC7-4772-A153-B724F129C343}.Debug|x86.Build.0 = Debug|Win32
		{40BD4149-8BC7-4772-A153-B724F129C343}.Release|x64.ActiveCfg = Release|x64
		{40BD4149-8BC7-4772-A153-B724F129C343}.Release|x64.Build.0 = Release|x64
		{40BD4149-8BC7-4772-A153-B724F129C343}.Release|x86.ActiveCfg = Release|Win32
		{40BD4149-8BC7-4772-A153-B724F129C343}.Release|x86.Build.0 = Release|Win32
		{6DB948ED-2C07-4D65-8EF7-A246811E396D}.Debug|x64.ActiveCfg = Debug|x64
		{6DB948ED-2C07-4D65-8EF7-A246811E396D}.Debug|x64.Build.0 = Debug|x64
		{6DB948ED-2C07-4D65-8EF7-A246811E396D}.Debug|x86.ActiveCfg = Debug|Win32
		{6DB948ED-2C07-4D65-8EF7-A246811E396D}.Debug|x86.Build.0 = Debug|Win32
		{6DB948ED-2C07-4D65-8EF7-A246811E396D}.Release|x64.ActiveCfg = Release|x64
		{6DB948ED-2C07-4D65-8EF7-A246811E396D}.Release|x64.Build.0 = Release|x64
		{6DB948ED-2C07-4D65-8EF7-A246811E396D}.Release|x86.ActiveCfg = Release|Win32
		{6DB948ED-2C07-4D65-8EF7-A246811E396D}.Release|x86.Build.0 = Release|Win32
		{36889FBF-396C-4917-BC73-25C08D20F1F4}.Debug|x64.ActiveCfg = Debug|x64
		{36889FBF-396C-4917-BC73-25C08D20F1F4}.Debug|x64.Build.0 = Debug|x64
		{36889FBF-396C-4917-BC73-25C08D20F1F4}.Debug|x86.ActiveCfg = Debug|Win32
		{36889FBF-396C-4917-BC73-25C08D20F1F4}.Debug|x86.Build.0 = Debug|Win32
		{36889FBF-396C-4917-BC73-25C08D20F1F4}.Release|x64.ActiveCfg = Release|x64
		{36889FBF-396C-4917-BC73-25C08D20F1F4}.Release|x64.Build.0 = Release|x64
		{36889FBF-396C-4917-BC73-25C08D20F1F4}.Release|x86.ActiveCfg = Release|Win32
		{36889FBF-396C-4917-BC73-25C08D20F1F4}.Release|x86.Build.0 = Release|Win32
		{A9C9006D-4A28-4D1C-931F-45335F56094E}.Debug|x64.ActiveCfg = Debug|x64
		{A9C9006D-4A28-4D1C-931F-45335F56094E}.Debug|x64.Build.0 = Debug|x64
		{A9C9006D-4A28-4D1C-931F-45335F56094E}.Debug|x86.ActiveCfg = Debug|Win32
		{A9C9006D-4A28-4D1C-931F-45335F56094E}.Debug|x86.Build.0 = Debug|Win32
		{A9C9006D-4A28-4D1C-931F-45335F56094E}.Release|x64.ActiveCfg = Release|x64
		{A9C9006D-4A28-4D1C-931F-45335F56094E}.Release|x64.Build.0 = Release|x64
		{A9C9006D-4A28-4D1C-931F-45335F56094E}.Release|x86.ActiveCfg = Release|Win32
		{A9C9006D-4A28-4D1C-931F-45335F56094E}.Release|x86.Build.0 = Release|Win32
		{C1F9EA84-4E69-4E72-BE49-51B1865CA2A9}.Debug|x64.ActiveCfg = Debug|x64
		{C1F9EA84-4E69-4E72-BE49-51B1865CA2A9}.Debug|x64.Build.0 = Debug|x64
		{C1F9EA84-4E69-4E72-BE49-51B1865CA2A9}.Debug|x86.ActiveCfg = Debug|Win32
		{C1F9EA84-4E69-4E72-BE49-51B1865CA2A9}.Debug|x86.Build.0 = Debug|Win32
		{C1F9EA84-4E69-4E72-BE49-51B1865CA2A9}.Release|x64.ActiveCfg = Release|x64
		{C1F9EA84-4E69-4E72-BE49-51B1865CA2A9}.Release|x64.Build.0 = Release|x64
		{C1F9EA84-4E69-4E72-BE49-51B1865CA2A9}.Release|x86.ActiveCfg = Release|Win32
		{C1F9EA84-4E69-4E72-BE49-51B1865CA2A9}.Release|x86.Build.0 = Release|Win32
		{D0BB31E8-6C18-4458-AD50-E31C0EB1EA7E}.Debug|x64.ActiveCfg = Debug|x64
		{D0BB31E8-6C18-4458-AD50-E31C0EB1EA7E}.Debug|x64.Build.0 = Debug|x64
		{D0BB31E8-6C18-4458-AD50-E31C0EB1EA7E}.Debug|x86.ActiveCfg = Debug|Win32
		{D0BB31E8-6C18-4458-AD50-E31C0EB1EA7E}.Debug|x86.Build.0 = Debug|Win32
		{D0BB31E8-6C18-4458-AD50-E31C0EB1EA7E}.Release|x64.ActiveCfg = Release|x64
		{D0BB31E8-6C18-4458-AD50-E31C0EB1EA7E}.Release|x64.Build.0 = Release|x64
		{D0BB31E8-6C18-4458-AD50-E31C0EB1EA7E}.Release|x86.ActiveCfg = Release|Win32
		{D0BB31E8-6C18-4458-AD50-E31C0EB1EA7E}.Release|x86.Build.0 = Release|Win32
		{3504212A-BCC9-44C5-B46F-70B476BB9450}.Debug|x64.ActiveCfg = Debug|x64
		{3504212A-BCC9-44C5-B46F-70B476BB9450}.Debug|x64.Build.0 = Debug|x64
		{3504212A-BCC9-44C5-B46F-70B476BB9450}.Debug|x86.ActiveCfg = Debug|Win32
		{3504212A-BCC9-44C5-B46F-70B476BB9450}.Debug|x86.Build.0 = Debug|Win32
		{3504212A-BCC9-44C5-B46F-70B476BB9450}.Release|x64.ActiveCfg = Release|x64
		{3504212A-BCC9-44C5-B46F-70B476BB9450}.Release|x64.Build.0 = Release|x64
		{3504212A-BCC9-44C5-B46F-70B476BB9450}.Release|x86.ActiveCfg = Release|Win32
		{3504212A-BCC9-44C5-B46F-70B476BB9450}.Release|x86.Build.0 = Release|Win32
		{530D65A1-BAFA-4C55-B33A-2514A62526CA}.Debug|x64.ActiveCfg = Debug|x64
		{530D65A1-BAFA-4C55-B33A-2514A62526CA}.Debug|x64.Build.0 = Debug|x64
		{530D65A1-BAFA-4C55-B33A-2514A62526CA}.Debug|x86.ActiveCfg = Debug|Win32
		{530D65A1-BAFA-4C55-B33A-2514A62526CA}.Debug|x86.Build.0 = Debug|Win32
		{530D65A1-BAFA-4C55-B33A-2514A62526CA}.Release|x64.ActiveCfg = Release|x64
		{530D65A1-BAFA-4C55-B33A-2514A62526CA}.Release|x64.Build.0 = Release|x64
		{530D65A1-BAFA-4C55-B33A-2514A62526CA}.Release|x86.ActiveCfg = Release|Win32
		{530D65A1-BAFA-4C55-B33A-2514A62526CA}.Release|x86.Build.0 = Release|Win32
		{14713D01-039A-401D-AF40-8446CE79BC1D}.Debug|x64.ActiveCfg = Debug|x64
		{14713D01-039A-401D-AF40-8446CE79BC1D}.Debug|x64.Build.0 = Debug|x64
		{14713D01-039A-401D-AF40-8446CE79BC1D}.Debug|x86.ActiveCfg = Debug|Win32
		{14713D01-039A-401D-AF40-8446CE79BC1D}.Debug|x86.Build.0 = Debug|Win32
		{14713D01-039A-401D-AF40-8446CE79BC1D}.Release|x64.ActiveCfg = Release|x64
		{14713D01-039A-401D-AF40-8446CE79BC1D}.Release|x64.Build.0 = Release|x64
		{14713D01-039A-401D-AF40-8446CE79BC1D}.Release|x86.ActiveCfg = Release|Win32
		{14713D01-039A-401D-AF40-8446CE79BC1D}.Release|x86.Build.0 = Release|Win32
		{8B16BFB1-C0B1-4A1C-8112-0146FB812823}.Debug|x64.ActiveCfg = Debug|x64
		{8B16BFB1-C0B1-4A1C-8112-0146FB812823}.Debug|x64.Build.0 = Debug|x64
		{8B16BFB1-C0B1-4A1C-8112-0146FB812823}.Debug|x86.ActiveCfg = Debug|Win32
		{8B16BFB1-C0B1-4A1C-8112-0146FB812823}.Debug|x86.Build.0 = Debug|Win32
		{8B16BFB1-C0B1-4A1C-8112-0146FB812823}.Release|x64.ActiveCfg = Release|x64
		{8B16BFB1-C0B1-4A1C-8112-0146FB812823}.Release|x64.Build.0 = Release|x64
		{8B16BFB1-C0B1-4A1C-8112-0146FB812823}.Release|x86.ActiveCfg = Release|Win32
		{8B16BFB1-C0B1-4A1C-8112-0146FB812823}.Release|x86.Build.0 = Release|Win32
		{8C046B96-90A1-4A00-A2ED-63F4A1B62364}.Debug|x64.ActiveCfg = Debug|x64
		{8C046B96-90A1-4A00-A2ED-63F4A1B62364}.Debug|x64.Build.0 = Debug|x64
		{8C046B96-90A1-4A00-A2ED-63F4A1B62364}.Debug|x86.ActiveCfg = Debug|Win32
		{8C046B96-90A1-4A00-A2ED-63F4A1B62364}.Debug|x86.Build.0 = Debug|Win32
		{8C046B96-90A1-4A00-A2ED-63F4A1B62364}.Release|x64.ActiveCfg = Release|x64
		{8C046B96-90A1-4A00-A2ED-63F4A1B62364}.Release|x64.Build.0 = Release|x64
		{8C046B96-90A1-4A00-A2ED-63F4A1B62364}.Release|x86.ActiveCfg = Release|Win32
		{8C046B96-90A1-4A00-A2ED-63F4A1B62364}.Release|x86.Build.0 = Release|Win32
		{431FA1D0-CB33-4960-86A8-D6E4B3051EC0}.Debug|x64.ActiveCfg = Debug|x64
		{431FA1D0-CB33-4960-86A8-D6E4B3051EC0}.Debug|x64.Build.0 = Debug|x64
		{431FA1D0-CB33-4960-86A8-D6E4B3051EC0}.Debug|x86.ActiveCfg = Debug|Win32
		{431FA1D0-CB33-4960-86A8-D6E4B3051EC0}.Debug|x86.Build.0 = Debug|Win32
		{431FA1D0-CB33-4960-86A8-D6E4B3051EC0}.Release|x64.ActiveCfg = Release|x64
		{431FA1D0-CB33-4960-86A8-D6E4B3051EC0}.Release|x64.Build.0 = Release|x64
		{431FA1D0-CB33-4960-86A8-D6E4B3051EC0}.Release|x86.ActiveCfg = Release|Win32
		{431FA1D0-CB33-4960-86A8-D6E4B3051EC0}.Release|x86.Build.0 = Release|Win32
		{52E3E881-89B5-4901-955E-0E8E57C2A64B}.Debug|x64.ActiveCfg = Debug|x64
		{52E3E881-89B5-4901-955E-0E8E57C2A64B}.Debug|x64.Build.0 = Debug|x64
		{52E3E881-89B5-4901-955E-0E8E57C2A64B}.Debug|x86.ActiveCfg = Debug|Win32
		{52E3E881-89B5-4901-955E-0E8E57C2A64B}.Debug|x86.Build.0 = Debug|Win32
		{52E3E881-89B5-4901-955E-0E8E57C2A64B}.Release|x64.ActiveCfg = Release|x64
		{52E3E881-89B5-4901-955E-0E8E57C2A64B}.Release|x64.Build.0 = Release|x64
		{52E3E881-89B5-4901-955E-0E8E57C2A64B}.Release|x86.ActiveCfg = Release|Win32
		{52E3E881-89B5-4901-955E-0E8E57C2A64B}.Release|x86.Build.0 = Release|Win32
		{AC0D615F-23ED-42F1-A9E9-95C446678F1E}.Debug|x64.ActiveCfg = Debug|x64
		{AC0D615F-23ED-42F1-A9E9-95C446678F1E}.Debug|x64.Build.0 = Debug|x64
		{AC0D615F-23ED-42F1-A9E9-95C446678F1E}.Debug|x86.ActiveCfg = Debug|Win32
		{AC0D615F-23ED-42F1-A9E9-95C446678F1E}.Debug|x86.Build.0 = Debug|Win32
		{AC0D615F-23ED-42F1-A9E9-95C446678F1E}.Release|x64.ActiveCfg = Release|x64
		{AC0D615F-23ED-42F1-A9E9-95C446678F1E}.Release|x64.Build.0 = Release|x64
		{AC0D615F-23ED-42F1-A9E9-95C446678F1E}.Release|x86.ActiveCfg = Release|Win32
		{AC0D615F-23ED-42F1-A9E9-95C446678F1E}.Release|x86.Build.0 = Release|Win32
	EndGlobalSection
	GlobalSection(SolutionProperties) = preSolution
		HideSolutionNode = FALSE
	EndGlobalSection
	GlobalSection(ExtensibilityGlobals) = postSolution
		SolutionGuid = {27220507-65ED-4A1C-B4F8-44B43810A3AB}
	EndGlobalSection
EndGlobal
