
Microsoft Visual Studio Solution File, Format Version 12.00
# Visual Studio Version 16
VisualStudioVersion = 16.0.31624.102
MinimumVisualStudioVersion = 10.0.40219.1
Project("{8BC9CEB8-8B4A-11D0-8D11-00A0C91BC942}") = "lab6", "lab6.vcxproj", "{AE056764-C469-4017-9E54-CBC9572D1472}"
EndProject
Project("{8BC9CEB8-8B4A-11D0-8D11-00A0C91BC942}") = "2", "..\2\2.vcxproj", "{54E4A74E-93F3-4C0A-BB79-3EDBA16DF406}"
EndProject
Project("{8BC9CEB8-8B4A-11D0-8D11-00A0C91BC942}") = "6", "..\6\6.vcxproj", "{45A543AF-C106-4A42-9414-360CE4592F8C}"
EndProject
Project("{8BC9CEB8-8B4A-11D0-8D11-00A0C91BC942}") = "test", "..\test\test.vcxproj", "{9E79EEC5-8B87-417D-9DA1-223D5898F83D}"
EndProject
Project("{8BC9CEB8-8B4A-11D0-8D11-00A0C91BC942}") = "123", "..\123\123.vcxproj", "{85C54426-C877-477B-BC5A-CC4B550CDB0B}"
EndProject
Project("{8BC9CEB8-8B4A-11D0-8D11-00A0C91BC942}") = "3", "..\3\3.vcxproj", "{AA963434-5866-4A18-A4B2-1121141230B3}"
EndProject
Project("{8BC9CEB8-8B4A-11D0-8D11-00A0C91BC942}") = "4", "..\4\4.vcxproj", "{36D2513D-67EC-4242-A14A-053AACF9E443}"
EndProject
Project("{8BC9CEB8-8B4A-11D0-8D11-00A0C91BC942}") = "5", "..\5\5.vcxproj", "{AD826D35-2B82-4CB3-AED7-6CC5639985B9}"
EndProject
Project("{8BC9CEB8-8B4A-11D0-8D11-00A0C91BC942}") = "66", "..\66\66.vcxproj", "{BC91145F-52B6-4FBD-A19C-4C1B752022D1}"
EndProject
Project("{8BC9CEB8-8B4A-11D0-8D11-00A0C91BC942}") = "99", "..\99\99.vcxproj", "{78EC4EB6-021A-440F-B4AB-7B39ED05CDC3}"
EndProject
Project("{8BC9CEB8-8B4A-11D0-8D11-00A0C91BC942}") = "77", "Debug\77\77.vcxproj", "{FA1C194E-CC4B-4DFA-A61A-E5746864BAE6}"
EndProject
Project("{8BC9CEB8-8B4A-11D0-8D11-00A0C91BC942}") = "88", "..\88\88.vcxproj", "{E28FB764-1F67-4948-8F01-1AA6CA42BB15}"
EndProject
Project("{8BC9CEB8-8B4A-11D0-8D11-00A0C91BC942}") = "task1", "task1\task1.vcxproj", "{029289C3-B0A7-4C88-BF64-69257F6E0340}"
EndProject
Project("{8BC9CEB8-8B4A-11D0-8D11-00A0C91BC942}") = "44", "..\44\44.vcxproj", "{38B669E0-C24A-4CCB-B7D4-05D920D787EB}"
EndProject
Global
	GlobalSection(SolutionConfigurationPlatforms) = preSolution
		Debug|x64 = Debug|x64
		Debug|x86 = Debug|x86
		Release|x64 = Release|x64
		Release|x86 = Release|x86
	EndGlobalSection
	GlobalSection(ProjectConfigurationPlatforms) = postSolution
		{AE056764-C469-4017-9E54-CBC9572D1472}.Debug|x64.ActiveCfg = Debug|x64
		{AE056764-C469-4017-9E54-CBC9572D1472}.Debug|x64.Build.0 = Debug|x64
		{AE056764-C469-4017-9E54-CBC9572D1472}.Debug|x86.ActiveCfg = Debug|Win32
		{AE056764-C469-4017-9E54-CBC9572D1472}.Debug|x86.Build.0 = Debug|Win32
		{AE056764-C469-4017-9E54-CBC9572D1472}.Release|x64.ActiveCfg = Release|x64
		{AE056764-C469-4017-9E54-CBC9572D1472}.Release|x64.Build.0 = Release|x64
		{AE056764-C469-4017-9E54-CBC9572D1472}.Release|x86.ActiveCfg = Release|Win32
		{AE056764-C469-4017-9E54-CBC9572D1472}.Release|x86.Build.0 = Release|Win32
		{54E4A74E-93F3-4C0A-BB79-3EDBA16DF406}.Debug|x64.ActiveCfg = Debug|x64
		{54E4A74E-93F3-4C0A-BB79-3EDBA16DF406}.Debug|x64.Build.0 = Debug|x64
		{54E4A74E-93F3-4C0A-BB79-3EDBA16DF406}.Debug|x86.ActiveCfg = Debug|Win32
		{54E4A74E-93F3-4C0A-BB79-3EDBA16DF406}.Debug|x86.Build.0 = Debug|Win32
		{54E4A74E-93F3-4C0A-BB79-3EDBA16DF406}.Release|x64.ActiveCfg = Release|x64
		{54E4A74E-93F3-4C0A-BB79-3EDBA16DF406}.Release|x64.Build.0 = Release|x64
		{54E4A74E-93F3-4C0A-BB79-3EDBA16DF406}.Release|x86.ActiveCfg = Release|Win32
		{54E4A74E-93F3-4C0A-BB79-3EDBA16DF406}.Release|x86.Build.0 = Release|Win32
		{45A543AF-C106-4A42-9414-360CE4592F8C}.Debug|x64.ActiveCfg = Debug|x64
		{45A543AF-C106-4A42-9414-360CE4592F8C}.Debug|x64.Build.0 = Debug|x64
		{45A543AF-C106-4A42-9414-360CE4592F8C}.Debug|x86.ActiveCfg = Debug|Win32
		{45A543AF-C106-4A42-9414-360CE4592F8C}.Debug|x86.Build.0 = Debug|Win32
		{45A543AF-C106-4A42-9414-360CE4592F8C}.Release|x64.ActiveCfg = Release|x64
		{45A543AF-C106-4A42-9414-360CE4592F8C}.Release|x64.Build.0 = Release|x64
		{45A543AF-C106-4A42-9414-360CE4592F8C}.Release|x86.ActiveCfg = Release|Win32
		{45A543AF-C106-4A42-9414-360CE4592F8C}.Release|x86.Build.0 = Release|Win32
		{9E79EEC5-8B87-417D-9DA1-223D5898F83D}.Debug|x64.ActiveCfg = Debug|x64
		{9E79EEC5-8B87-417D-9DA1-223D5898F83D}.Debug|x64.Build.0 = Debug|x64
		{9E79EEC5-8B87-417D-9DA1-223D5898F83D}.Debug|x86.ActiveCfg = Debug|Win32
		{9E79EEC5-8B87-417D-9DA1-223D5898F83D}.Debug|x86.Build.0 = Debug|Win32
		{9E79EEC5-8B87-417D-9DA1-223D5898F83D}.Release|x64.ActiveCfg = Release|x64
		{9E79EEC5-8B87-417D-9DA1-223D5898F83D}.Release|x64.Build.0 = Release|x64
		{9E79EEC5-8B87-417D-9DA1-223D5898F83D}.Release|x86.ActiveCfg = Release|Win32
		{9E79EEC5-8B87-417D-9DA1-223D5898F83D}.Release|x86.Build.0 = Release|Win32
		{85C54426-C877-477B-BC5A-CC4B550CDB0B}.Debug|x64.ActiveCfg = Debug|x64
		{85C54426-C877-477B-BC5A-CC4B550CDB0B}.Debug|x64.Build.0 = Debug|x64
		{85C54426-C877-477B-BC5A-CC4B550CDB0B}.Debug|x86.ActiveCfg = Debug|Win32
		{85C54426-C877-477B-BC5A-CC4B550CDB0B}.Debug|x86.Build.0 = Debug|Win32
		{85C54426-C877-477B-BC5A-CC4B550CDB0B}.Release|x64.ActiveCfg = Release|x64
		{85C54426-C877-477B-BC5A-CC4B550CDB0B}.Release|x64.Build.0 = Release|x64
		{85C54426-C877-477B-BC5A-CC4B550CDB0B}.Release|x86.ActiveCfg = Release|Win32
		{85C54426-C877-477B-BC5A-CC4B550CDB0B}.Release|x86.Build.0 = Release|Win32
		{AA963434-5866-4A18-A4B2-1121141230B3}.Debug|x64.ActiveCfg = Debug|x64
		{AA963434-5866-4A18-A4B2-1121141230B3}.Debug|x64.Build.0 = Debug|x64
		{AA963434-5866-4A18-A4B2-1121141230B3}.Debug|x86.ActiveCfg = Debug|Win32
		{AA963434-5866-4A18-A4B2-1121141230B3}.Debug|x86.Build.0 = Debug|Win32
		{AA963434-5866-4A18-A4B2-1121141230B3}.Release|x64.ActiveCfg = Release|x64
		{AA963434-5866-4A18-A4B2-1121141230B3}.Release|x64.Build.0 = Release|x64
		{AA963434-5866-4A18-A4B2-1121141230B3}.Release|x86.ActiveCfg = Release|Win32
		{AA963434-5866-4A18-A4B2-1121141230B3}.Release|x86.Build.0 = Release|Win32
		{36D2513D-67EC-4242-A14A-053AACF9E443}.Debug|x64.ActiveCfg = Debug|x64
		{36D2513D-67EC-4242-A14A-053AACF9E443}.Debug|x64.Build.0 = Debug|x64
		{36D2513D-67EC-4242-A14A-053AACF9E443}.Debug|x86.ActiveCfg = Debug|Win32
		{36D2513D-67EC-4242-A14A-053AACF9E443}.Debug|x86.Build.0 = Debug|Win32
		{36D2513D-67EC-4242-A14A-053AACF9E443}.Release|x64.ActiveCfg = Release|x64
		{36D2513D-67EC-4242-A14A-053AACF9E443}.Release|x64.Build.0 = Release|x64
		{36D2513D-67EC-4242-A14A-053AACF9E443}.Release|x86.ActiveCfg = Release|Win32
		{36D2513D-67EC-4242-A14A-053AACF9E443}.Release|x86.Build.0 = Release|Win32
		{AD826D35-2B82-4CB3-AED7-6CC5639985B9}.Debug|x64.ActiveCfg = Debug|x64
		{AD826D35-2B82-4CB3-AED7-6CC5639985B9}.Debug|x64.Build.0 = Debug|x64
		{AD826D35-2B82-4CB3-AED7-6CC5639985B9}.Debug|x86.ActiveCfg = Debug|Win32
		{AD826D35-2B82-4CB3-AED7-6CC5639985B9}.Debug|x86.Build.0 = Debug|Win32
		{AD826D35-2B82-4CB3-AED7-6CC5639985B9}.Release|x64.ActiveCfg = Release|x64
		{AD826D35-2B82-4CB3-AED7-6CC5639985B9}.Release|x64.Build.0 = Release|x64
		{AD826D35-2B82-4CB3-AED7-6CC5639985B9}.Release|x86.ActiveCfg = Release|Win32
		{AD826D35-2B82-4CB3-AED7-6CC5639985B9}.Release|x86.Build.0 = Release|Win32
		{BC91145F-52B6-4FBD-A19C-4C1B752022D1}.Debug|x64.ActiveCfg = Debug|x64
		{BC91145F-52B6-4FBD-A19C-4C1B752022D1}.Debug|x64.Build.0 = Debug|x64
		{BC91145F-52B6-4FBD-A19C-4C1B752022D1}.Debug|x86.ActiveCfg = Debug|Win32
		{BC91145F-52B6-4FBD-A19C-4C1B752022D1}.Debug|x86.Build.0 = Debug|Win32
		{BC91145F-52B6-4FBD-A19C-4C1B752022D1}.Release|x64.ActiveCfg = Release|x64
		{BC91145F-52B6-4FBD-A19C-4C1B752022D1}.Release|x64.Build.0 = Release|x64
		{BC91145F-52B6-4FBD-A19C-4C1B752022D1}.Release|x86.ActiveCfg = Release|Win32
		{BC91145F-52B6-4FBD-A19C-4C1B752022D1}.Release|x86.Build.0 = Release|Win32
		{78EC4EB6-021A-440F-B4AB-7B39ED05CDC3}.Debug|x64.ActiveCfg = Debug|x64
		{78EC4EB6-021A-440F-B4AB-7B39ED05CDC3}.Debug|x64.Build.0 = Debug|x64
		{78EC4EB6-021A-440F-B4AB-7B39ED05CDC3}.Debug|x86.ActiveCfg = Debug|Win32
		{78EC4EB6-021A-440F-B4AB-7B39ED05CDC3}.Debug|x86.Build.0 = Debug|Win32
		{78EC4EB6-021A-440F-B4AB-7B39ED05CDC3}.Release|x64.ActiveCfg = Release|x64
		{78EC4EB6-021A-440F-B4AB-7B39ED05CDC3}.Release|x64.Build.0 = Release|x64
		{78EC4EB6-021A-440F-B4AB-7B39ED05CDC3}.Release|x86.ActiveCfg = Release|Win32
		{78EC4EB6-021A-440F-B4AB-7B39ED05CDC3}.Release|x86.Build.0 = Release|Win32
		{FA1C194E-CC4B-4DFA-A61A-E5746864BAE6}.Debug|x64.ActiveCfg = Debug|x64
		{FA1C194E-CC4B-4DFA-A61A-E5746864BAE6}.Debug|x64.Build.0 = Debug|x64
		{FA1C194E-CC4B-4DFA-A61A-E5746864BAE6}.Debug|x86.ActiveCfg = Debug|Win32
		{FA1C194E-CC4B-4DFA-A61A-E5746864BAE6}.Debug|x86.Build.0 = Debug|Win32
		{FA1C194E-CC4B-4DFA-A61A-E5746864BAE6}.Release|x64.ActiveCfg = Release|x64
		{FA1C194E-CC4B-4DFA-A61A-E5746864BAE6}.Release|x64.Build.0 = Release|x64
		{FA1C194E-CC4B-4DFA-A61A-E5746864BAE6}.Release|x86.ActiveCfg = Release|Win32
		{FA1C194E-CC4B-4DFA-A61A-E5746864BAE6}.Release|x86.Build.0 = Release|Win32
		{E28FB764-1F67-4948-8F01-1AA6CA42BB15}.Debug|x64.ActiveCfg = Debug|x64
		{E28FB764-1F67-4948-8F01-1AA6CA42BB15}.Debug|x64.Build.0 = Debug|x64
		{E28FB764-1F67-4948-8F01-1AA6CA42BB15}.Debug|x86.ActiveCfg = Debug|Win32
		{E28FB764-1F67-4948-8F01-1AA6CA42BB15}.Debug|x86.Build.0 = Debug|Win32
		{E28FB764-1F67-4948-8F01-1AA6CA42BB15}.Release|x64.ActiveCfg = Release|x64
		{E28FB764-1F67-4948-8F01-1AA6CA42BB15}.Release|x64.Build.0 = Release|x64
		{E28FB764-1F67-4948-8F01-1AA6CA42BB15}.Release|x86.ActiveCfg = Release|Win32
		{E28FB764-1F67-4948-8F01-1AA6CA42BB15}.Release|x86.Build.0 = Release|Win32
		{029289C3-B0A7-4C88-BF64-69257F6E0340}.Debug|x64.ActiveCfg = Debug|x64
		{029289C3-B0A7-4C88-BF64-69257F6E0340}.Debug|x64.Build.0 = Debug|x64
		{029289C3-B0A7-4C88-BF64-69257F6E0340}.Debug|x86.ActiveCfg = Debug|Win32
		{029289C3-B0A7-4C88-BF64-69257F6E0340}.Debug|x86.Build.0 = Debug|Win32
		{029289C3-B0A7-4C88-BF64-69257F6E0340}.Release|x64.ActiveCfg = Release|x64
		{029289C3-B0A7-4C88-BF64-69257F6E0340}.Release|x64.Build.0 = Release|x64
		{029289C3-B0A7-4C88-BF64-69257F6E0340}.Release|x86.ActiveCfg = Release|Win32
		{029289C3-B0A7-4C88-BF64-69257F6E0340}.Release|x86.Build.0 = Release|Win32
		{38B669E0-C24A-4CCB-B7D4-05D920D787EB}.Debug|x64.ActiveCfg = Debug|x64
		{38B669E0-C24A-4CCB-B7D4-05D920D787EB}.Debug|x64.Build.0 = Debug|x64
		{38B669E0-C24A-4CCB-B7D4-05D920D787EB}.Debug|x86.ActiveCfg = Debug|Win32
		{38B669E0-C24A-4CCB-B7D4-05D920D787EB}.Debug|x86.Build.0 = Debug|Win32
		{38B669E0-C24A-4CCB-B7D4-05D920D787EB}.Release|x64.ActiveCfg = Release|x64
		{38B669E0-C24A-4CCB-B7D4-05D920D787EB}.Release|x64.Build.0 = Release|x64
		{38B669E0-C24A-4CCB-B7D4-05D920D787EB}.Release|x86.ActiveCfg = Release|Win32
		{38B669E0-C24A-4CCB-B7D4-05D920D787EB}.Release|x86.Build.0 = Release|Win32
	EndGlobalSection
	GlobalSection(SolutionProperties) = preSolution
		HideSolutionNode = FALSE
	EndGlobalSection
	GlobalSection(ExtensibilityGlobals) = postSolution
		SolutionGuid = {22859509-CAC4-4723-8B1A-742031BA0BD5}
	EndGlobalSection
EndGlobal
